
Microsoft Visual Studio Solution File, Format Version 12.00
# Visual Studio Version 16
VisualStudioVersion = 16.0.31213.239
MinimumVisualStudioVersion = 10.0.40219.1
Project("{FAE04EC0-301F-11D3-BF4B-00C04F79EFBC}") = "AzureFunctionHealthCheck", "AzureFunctionHealthCheck\AzureFunctionHealthCheck.csproj", "{EDC5DDE0-101A-4D80-9B65-322C50D8FD7A}"
EndProject
Global
	GlobalSection(SolutionConfigurationPlatforms) = preSolution
		Debug|Any CPU = Debug|Any CPU
		Release|Any CPU = Release|Any CPU
	EndGlobalSection
	GlobalSection(ProjectConfigurationPlatforms) = postSolution
		{EDC5DDE0-101A-4D80-9B65-322C50D8FD7A}.Debug|Any CPU.ActiveCfg = Debug|Any CPU
		{EDC5DDE0-101A-4D80-9B65-322C50D8FD7A}.Debug|Any CPU.Build.0 = Debug|Any CPU
		{EDC5DDE0-101A-4D80-9B65-322C50D8FD7A}.Release|Any CPU.ActiveCfg = Release|Any CPU
		{EDC5DDE0-101A-4D80-9B65-322C50D8FD7A}.Release|Any CPU.Build.0 = Release|Any CPU
	EndGlobalSection
	GlobalSection(SolutionProperties) = preSolution
		HideSolutionNode = FALSE
	EndGlobalSection
	GlobalSection(ExtensibilityGlobals) = postSolution
		SolutionGuid = {B243C6A1-104D-436F-A7C6-3A2371023E45}
	EndGlobalSection
EndGlobal
